
Microsoft Visual Studio Solution File, Format Version 12.00
# Visual Studio Version 17
VisualStudioVersion = 17.8.34330.188
MinimumVisualStudioVersion = 10.0.40219.1
Project("{2150E333-8FDC-42A3-9474-1A3956D46DE8}") = "APIs", "APIs", "{90CD1FED-D9A4-48D8-9759-D4FA692E9476}"
EndProject
Project("{9A19103F-16F7-4668-BE54-9A1E7A4F7556}") = "Api.Gateway.WebClient", "Api.Gateway.WebClient\Api.Gateway.WebClient.csproj", "{BB7EB230-92DF-4B43-AC5F-8CD3BD524C0C}"
EndProject
Project("{9A19103F-16F7-4668-BE54-9A1E7A4F7556}") = "Api.Gateway.WebClient.Proxy", "Api.Gateway.WebClient.Proxy\Api.Gateway.WebClient.Proxy.csproj", "{8C22917C-8556-4DBB-8757-924F4C59A697}"
EndProject
Project("{9A19103F-16F7-4668-BE54-9A1E7A4F7556}") = "Api.Gateway.Proxies", "Api.Gateways.Proxies\Api.Gateway.Proxies.csproj", "{3CFA4DBD-4CA1-4F89-9890-5FF008DC251C}"
EndProject
Project("{9A19103F-16F7-4668-BE54-9A1E7A4F7556}") = "Api.Gateway.Models", "Api.Gateway.Models\Api.Gateway.Models.csproj", "{52A02EDD-38D8-4602-8A15-6182FC33DDAF}"
EndProject
Global
	GlobalSection(SolutionConfigurationPlatforms) = preSolution
		Debug|Any CPU = Debug|Any CPU
		Release|Any CPU = Release|Any CPU
	EndGlobalSection
	GlobalSection(ProjectConfigurationPlatforms) = postSolution
		{BB7EB230-92DF-4B43-AC5F-8CD3BD524C0C}.Debug|Any CPU.ActiveCfg = Debug|Any CPU
		{BB7EB230-92DF-4B43-AC5F-8CD3BD524C0C}.Debug|Any CPU.Build.0 = Debug|Any CPU
		{BB7EB230-92DF-4B43-AC5F-8CD3BD524C0C}.Release|Any CPU.ActiveCfg = Release|Any CPU
		{BB7EB230-92DF-4B43-AC5F-8CD3BD524C0C}.Release|Any CPU.Build.0 = Release|Any CPU
		{8C22917C-8556-4DBB-8757-924F4C59A697}.Debug|Any CPU.ActiveCfg = Debug|Any CPU
		{8C22917C-8556-4DBB-8757-924F4C59A697}.Debug|Any CPU.Build.0 = Debug|Any CPU
		{8C22917C-8556-4DBB-8757-924F4C59A697}.Release|Any CPU.ActiveCfg = Release|Any CPU
		{8C22917C-8556-4DBB-8757-924F4C59A697}.Release|Any CPU.Build.0 = Release|Any CPU
		{3CFA4DBD-4CA1-4F89-9890-5FF008DC251C}.Debug|Any CPU.ActiveCfg = Debug|Any CPU
		{3CFA4DBD-4CA1-4F89-9890-5FF008DC251C}.Debug|Any CPU.Build.0 = Debug|Any CPU
		{3CFA4DBD-4CA1-4F89-9890-5FF008DC251C}.Release|Any CPU.ActiveCfg = Release|Any CPU
		{3CFA4DBD-4CA1-4F89-9890-5FF008DC251C}.Release|Any CPU.Build.0 = Release|Any CPU
		{52A02EDD-38D8-4602-8A15-6182FC33DDAF}.Debug|Any CPU.ActiveCfg = Debug|Any CPU
		{52A02EDD-38D8-4602-8A15-6182FC33DDAF}.Debug|Any CPU.Build.0 = Debug|Any CPU
		{52A02EDD-38D8-4602-8A15-6182FC33DDAF}.Release|Any CPU.ActiveCfg = Release|Any CPU
		{52A02EDD-38D8-4602-8A15-6182FC33DDAF}.Release|Any CPU.Build.0 = Release|Any CPU
	EndGlobalSection
	GlobalSection(SolutionProperties) = preSolution
		HideSolutionNode = FALSE
	EndGlobalSection
	GlobalSection(NestedProjects) = preSolution
		{BB7EB230-92DF-4B43-AC5F-8CD3BD524C0C} = {90CD1FED-D9A4-48D8-9759-D4FA692E9476}
		{8C22917C-8556-4DBB-8757-924F4C59A697} = {90CD1FED-D9A4-48D8-9759-D4FA692E9476}
	EndGlobalSection
	GlobalSection(ExtensibilityGlobals) = postSolution
		SolutionGuid = {A35203EB-A003-4F5F-A6CD-F5C659072A77}
	EndGlobalSection
EndGlobal
